
Microsoft Visual Studio Solution File, Format Version 12.00
# Visual Studio Version 17
VisualStudioVersion = 17.2.32602.215
MinimumVisualStudioVersion = 10.0.40219.1
Project("{FAE04EC0-301F-11D3-BF4B-00C04F79EFBC}") = "TravelExpertsWebApp", "TravelExpertsWebApp\TravelExpertsWebApp.csproj", "{90ACA678-EC06-4EFB-BA07-98781F6E2B05}"
EndProject
Project("{FAE04EC0-301F-11D3-BF4B-00C04F79EFBC}") = "TravelExpertsData", "TravelExpertsData\TravelExpertsData.csproj", "{0057EAA8-BD43-4EFD-A9E4-82DD54F0D76E}"
EndProject
Global
	GlobalSection(SolutionConfigurationPlatforms) = preSolution
		Debug|Any CPU = Debug|Any CPU
		Release|Any CPU = Release|Any CPU
	EndGlobalSection
	GlobalSection(ProjectConfigurationPlatforms) = postSolution
		{90ACA678-EC06-4EFB-BA07-98781F6E2B05}.Debug|Any CPU.ActiveCfg = Debug|Any CPU
		{90ACA678-EC06-4EFB-BA07-98781F6E2B05}.Debug|Any CPU.Build.0 = Debug|Any CPU
		{90ACA678-EC06-4EFB-BA07-98781F6E2B05}.Release|Any CPU.ActiveCfg = Release|Any CPU
		{90ACA678-EC06-4EFB-BA07-98781F6E2B05}.Release|Any CPU.Build.0 = Release|Any CPU
		{0057EAA8-BD43-4EFD-A9E4-82DD54F0D76E}.Debug|Any CPU.ActiveCfg = Debug|Any CPU
		{0057EAA8-BD43-4EFD-A9E4-82DD54F0D76E}.Debug|Any CPU.Build.0 = Debug|Any CPU
		{0057EAA8-BD43-4EFD-A9E4-82DD54F0D76E}.Release|Any CPU.ActiveCfg = Release|Any CPU
		{0057EAA8-BD43-4EFD-A9E4-82DD54F0D76E}.Release|Any CPU.Build.0 = Release|Any CPU
	EndGlobalSection
	GlobalSection(SolutionProperties) = preSolution
		HideSolutionNode = FALSE
	EndGlobalSection
	GlobalSection(ExtensibilityGlobals) = postSolution
		SolutionGuid = {1D05308F-DDB6-439B-9291-6B3310E3B6E1}
	EndGlobalSection
EndGlobal
